
Microsoft Visual Studio Solution File, Format Version 12.00
# Visual Studio Version 17
VisualStudioVersion = 17.2.32630.192
MinimumVisualStudioVersion = 10.0.40219.1
Project("{FAE04EC0-301F-11D3-BF4B-00C04F79EFBC}") = "ReverseString", "ReverseString.csproj", "{46B95298-0048-4F99-B984-EFB839715650}"
EndProject
Global
	GlobalSection(SolutionConfigurationPlatforms) = preSolution
		Debug|Any CPU = Debug|Any CPU
		Release|Any CPU = Release|Any CPU
	EndGlobalSection
	GlobalSection(ProjectConfigurationPlatforms) = postSolution
		{46B95298-0048-4F99-B984-EFB839715650}.Debug|Any CPU.ActiveCfg = Debug|Any CPU
		{46B95298-0048-4F99-B984-EFB839715650}.Debug|Any CPU.Build.0 = Debug|Any CPU
		{46B95298-0048-4F99-B984-EFB839715650}.Release|Any CPU.ActiveCfg = Release|Any CPU
		{46B95298-0048-4F99-B984-EFB839715650}.Release|Any CPU.Build.0 = Release|Any CPU
	EndGlobalSection
	GlobalSection(SolutionProperties) = preSolution
		HideSolutionNode = FALSE
	EndGlobalSection
	GlobalSection(ExtensibilityGlobals) = postSolution
		SolutionGuid = {C8D20CAD-FE4D-46CE-926A-6D8CC3FD8005}
	EndGlobalSection
EndGlobal
